
Microsoft Visual Studio Solution File, Format Version 12.00
# Visual Studio Version 17
VisualStudioVersion = 17.5.33424.131
MinimumVisualStudioVersion = 10.0.40219.1
Project("{FAE04EC0-301F-11D3-BF4B-00C04F79EFBC}") = "Pilotak", "Pilotak\Pilotak.csproj", "{2324BF93-78D0-4C24-B7CA-5C33AA4C5A21}"
EndProject
Global
	GlobalSection(SolutionConfigurationPlatforms) = preSolution
		Debug|Any CPU = Debug|Any CPU
		Release|Any CPU = Release|Any CPU
	EndGlobalSection
	GlobalSection(ProjectConfigurationPlatforms) = postSolution
		{2324BF93-78D0-4C24-B7CA-5C33AA4C5A21}.Debug|Any CPU.ActiveCfg = Debug|Any CPU
		{2324BF93-78D0-4C24-B7CA-5C33AA4C5A21}.Debug|Any CPU.Build.0 = Debug|Any CPU
		{2324BF93-78D0-4C24-B7CA-5C33AA4C5A21}.Release|Any CPU.ActiveCfg = Release|Any CPU
		{2324BF93-78D0-4C24-B7CA-5C33AA4C5A21}.Release|Any CPU.Build.0 = Release|Any CPU
	EndGlobalSection
	GlobalSection(SolutionProperties) = preSolution
		HideSolutionNode = FALSE
	EndGlobalSection
	GlobalSection(ExtensibilityGlobals) = postSolution
		SolutionGuid = {ECDA0C2A-7464-4797-A149-C3656F21891D}
	EndGlobalSection
EndGlobal
